[root]
name = "kernel"
version = "0.0.1"
dependencies = [
 "lazy_static 0.2.9 (registry+https://github.com/rust-lang/crates.io-index)",
 "rlibc 1.0.0 (registry+https://github.com/rust-lang/crates.io-index)",
 "shared 0.0.1",
 "x86_64 0.1.2 (registry+https://github.com/rust-lang/crates.io-index)",
]

[[package]]
name = "bit_field"
version = "0.7.0"
source = "registry+https://github.com/rust-lang/crates.io-index"

[[package]]
name = "lazy_static"
version = "0.2.9"
source = "registry+https://github.com/rust-lang/crates.io-index"
dependencies = [
 "spin 0.4.6 (registry+https://github.com/rust-lang/crates.io-index)",
]

[[package]]
name = "rlibc"
version = "1.0.0"
source = "registry+https://github.com/rust-lang/crates.io-index"

[[package]]
name = "shared"
version = "0.0.1"

[[package]]
name = "spin"
version = "0.4.6"
source = "registry+https://github.com/rust-lang/crates.io-index"

[[package]]
name = "x86_64"
version = "0.1.2"
source = "registry+https://github.com/rust-lang/crates.io-index"
dependencies = [
 "bit_field 0.7.0 (registry+https://github.com/rust-lang/crates.io-index)",
]

[metadata]
"checksum bit_field 0.7.0 (registry+https://github.com/rust-lang/crates.io-index)" = "ff91a64014e1bc53bf643920f2c9ab5f0980d92a0948295f3ee550e9266849ad"
"checksum lazy_static 0.2.9 (registry+https://github.com/rust-lang/crates.io-index)" = "c9e5e58fa1a4c3b915a561a78a22ee0cac6ab97dca2504428bc1cb074375f8d5"
"checksum rlibc 1.0.0 (registry+https://github.com/rust-lang/crates.io-index)" = "fc874b127765f014d792f16763a81245ab80500e2ad921ed4ee9e82481ee08fe"
"checksum spin 0.4.6 (registry+https://github.com/rust-lang/crates.io-index)" = "7e4deb3c2455c73779e6d3eebceae9599fc70957e54c69fe88f93aa48e62f432"
"checksum x86_64 0.1.2 (registry+https://github.com/rust-lang/crates.io-index)" = "73464a8ba159d4fdbfdbea0911c9d06887a4dbbb0f0521742c545f3e11bc8ea4"
