# This file is automatically @generated by Cargo.
# It is not intended for manual editing.
[[package]]
name = "arrayvec"
version = "0.5.1"
source = "registry+https://github.com/rust-lang/crates.io-index"
checksum = "cff77d8686867eceff3105329d4698d96c2391c176d5d03adc90c7389162b5b8"

[[package]]
name = "kernel"
version = "0.1.0"
dependencies = [
 "nasm-rs",
]

[[package]]
name = "nasm-rs"
version = "0.2.0"
source = "registry+https://github.com/rust-lang/crates.io-index"
checksum = "a76f43faa0d13f9c89f72e1972446d558f003cfffb80eb16bb444231de1becd1"
dependencies = [
 "arrayvec",
]
